
Microsoft Visual Studio Solution File, Format Version 12.00
# Visual Studio Version 16
VisualStudioVersion = 16.0.29728.190
MinimumVisualStudioVersion = 10.0.40219.1
Project("{FAE04EC0-301F-11D3-BF4B-00C04F79EFBC}") = "Pong", "Pong.csproj", "{A85C130B-02BD-48F8-87FB-3DE82DA147D3}"
EndProject
Project("{2150E333-8FDC-42A3-9474-1A3956D46DE8}") = "Solution Items", "Solution Items", "{2949C7A2-FB51-4B66-BE8F-639C32B0AB47}"
	ProjectSection(SolutionItems) = preProject
		.editorconfig = .editorconfig
	EndProjectSection
EndProject
Global
	GlobalSection(SolutionConfigurationPlatforms) = preSolution
		Debug|Any CPU = Debug|Any CPU
		Release|Any CPU = Release|Any CPU
	EndGlobalSection
	GlobalSection(ProjectConfigurationPlatforms) = postSolution
		{A85C130B-02BD-48F8-87FB-3DE82DA147D3}.Debug|Any CPU.ActiveCfg = Debug|Any CPU
		{A85C130B-02BD-48F8-87FB-3DE82DA147D3}.Debug|Any CPU.Build.0 = Debug|Any CPU
		{A85C130B-02BD-48F8-87FB-3DE82DA147D3}.Release|Any CPU.ActiveCfg = Release|Any CPU
		{A85C130B-02BD-48F8-87FB-3DE82DA147D3}.Release|Any CPU.Build.0 = Release|Any CPU
	EndGlobalSection
	GlobalSection(SolutionProperties) = preSolution
		HideSolutionNode = FALSE
	EndGlobalSection
	GlobalSection(ExtensibilityGlobals) = postSolution
		SolutionGuid = {B9F49E70-5571-4B74-A4C3-DF6938C434B3}
	EndGlobalSection
EndGlobal
